
Microsoft Visual Studio Solution File, Format Version 12.00
# Visual Studio Version 17
VisualStudioVersion = 17.0.31903.59
MinimumVisualStudioVersion = 10.0.40219.1
Project("{FAE04EC0-301F-11D3-BF4B-00C04F79EFBC}") = "LithosNet.Host", "LithosNet.Host\LithosNet.Host.csproj", "{44137CED-5F20-43FD-9C64-3BD1191A029B}"
EndProject
Project("{FAE04EC0-301F-11D3-BF4B-00C04F79EFBC}") = "LithosNet.Core", "LithosNet.Core\LithosNet.Core.csproj", "{8E6EAC56-2A0D-4ABA-8178-262622155F98}"
EndProject
Project("{FAE04EC0-301F-11D3-BF4B-00C04F79EFBC}") = "LithosNet.Compiler", "LithosNet.Compiler\LithosNet.Compiler.csproj", "{F59FAC40-3D1A-44FE-B51A-A0EACC0D22FF}"
EndProject
Project("{FAE04EC0-301F-11D3-BF4B-00C04F79EFBC}") = "LithosNet.VM", "LithosNet.VM\LithosNet.VM.csproj", "{E40D2B9D-460D-4AC9-85E8-E00B000FB05F}"
EndProject
Global
	GlobalSection(SolutionConfigurationPlatforms) = preSolution
		Debug|Any CPU = Debug|Any CPU
		Release|Any CPU = Release|Any CPU
	EndGlobalSection
	GlobalSection(SolutionProperties) = preSolution
		HideSolutionNode = FALSE
	EndGlobalSection
	GlobalSection(ProjectConfigurationPlatforms) = postSolution
		{44137CED-5F20-43FD-9C64-3BD1191A029B}.Debug|Any CPU.ActiveCfg = Debug|Any CPU
		{44137CED-5F20-43FD-9C64-3BD1191A029B}.Debug|Any CPU.Build.0 = Debug|Any CPU
		{44137CED-5F20-43FD-9C64-3BD1191A029B}.Release|Any CPU.ActiveCfg = Release|Any CPU
		{44137CED-5F20-43FD-9C64-3BD1191A029B}.Release|Any CPU.Build.0 = Release|Any CPU
		{8E6EAC56-2A0D-4ABA-8178-262622155F98}.Debug|Any CPU.ActiveCfg = Debug|Any CPU
		{8E6EAC56-2A0D-4ABA-8178-262622155F98}.Debug|Any CPU.Build.0 = Debug|Any CPU
		{8E6EAC56-2A0D-4ABA-8178-262622155F98}.Release|Any CPU.ActiveCfg = Release|Any CPU
		{8E6EAC56-2A0D-4ABA-8178-262622155F98}.Release|Any CPU.Build.0 = Release|Any CPU
		{F59FAC40-3D1A-44FE-B51A-A0EACC0D22FF}.Debug|Any CPU.ActiveCfg = Debug|Any CPU
		{F59FAC40-3D1A-44FE-B51A-A0EACC0D22FF}.Debug|Any CPU.Build.0 = Debug|Any CPU
		{F59FAC40-3D1A-44FE-B51A-A0EACC0D22FF}.Release|Any CPU.ActiveCfg = Release|Any CPU
		{F59FAC40-3D1A-44FE-B51A-A0EACC0D22FF}.Release|Any CPU.Build.0 = Release|Any CPU
		{E40D2B9D-460D-4AC9-85E8-E00B000FB05F}.Debug|Any CPU.ActiveCfg = Debug|Any CPU
		{E40D2B9D-460D-4AC9-85E8-E00B000FB05F}.Debug|Any CPU.Build.0 = Debug|Any CPU
		{E40D2B9D-460D-4AC9-85E8-E00B000FB05F}.Release|Any CPU.ActiveCfg = Release|Any CPU
		{E40D2B9D-460D-4AC9-85E8-E00B000FB05F}.Release|Any CPU.Build.0 = Release|Any CPU
	EndGlobalSection
EndGlobal
